{
    "_meta": {
        "hash": {
            "sha256": "c11f78d2d8bd015b9a6f790212ea15efe785d668d3e070d54fa60ceaccdc3234"
        },
        "pipfile-spec": 6,
        "requires": {
            "python_version": "3.6"
        },
        "sources": [
            {
                "name": "pypi",
                "url": "https://pypi.org/simple",
                "verify_ssl": true
            }
        ]
    },
    "default": {
        "alembic": {
            "hashes": [
                "sha256:9f907d7e8b286a1cfb22db9084f9ce4fde7ad7956bb496dc7c952e10ac90e36a"
            ],
            "version": "==1.2.1"
        },
        "altgraph": {
            "hashes": [
                "sha256:d6814989f242b2b43025cba7161fc1b8fb487a62cd49c49245d6fd01c18ac997",
                "sha256:ddf5320017147ba7b810198e0b6619bd7b5563aa034da388cea8546b877f9b0c"
            ],
            "index": "pypi",
            "version": "==0.16.1"
        },
        "astroid": {
            "hashes": [
                "sha256:35cfae47aac19c7b407b7095410e895e836f2285ccf1220336afba744cc4c5f2",
                "sha256:38186e481b65877fd8b1f9acc33e922109e983eb7b6e487bd4c71002134ad331"
            ],
            "index": "pypi",
            "version": "==1.6.3"
        },
        "atomicwrites": {
            "hashes": [
                "sha256:03472c30eb2c5d1ba9227e4c2ca66ab8287fbfbbda3888aa93dc2e28fc6811b4",
                "sha256:75a9445bac02d8d058d5e1fe689654ba5a6556a1dfd8ce6ec55a0ed79866cfa6"
            ],
            "index": "pypi",
            "version": "==1.3.0"
        },
        "attrs": {
            "hashes": [
                "sha256:ec20e7a4825331c1b5ebf261d111e16fa9612c1f7a5e1f884f12bd53a664dfd2",
                "sha256:f913492e1663d3c36f502e5e9ba6cd13cf19d7fab50aa13239e420fef95e1396"
            ],
            "index": "pypi",
            "version": "==19.2.0"
        },
        "backports.functools-lru-cache": {
            "hashes": [
                "sha256:9d98697f088eb1b0fa451391f91afb5e3ebde16bbdb272819fd091151fda4f1a",
                "sha256:f0b0e4eba956de51238e17573b7087e852dfe9854afd2e9c873f73fc0ca0a6dd"
            ],
            "index": "pypi",
            "version": "==1.5"
        },
        "bdist-mpkg": {
            "hashes": [
                "sha256:1b460cc4ea834f0be9e787759fac542cb2414463a1f7f1aedb5870e90f6beb9d",
                "sha256:d42a697e0869d12dd451c9ef687ac34f45d44227569cfabec69bddabb40bb89b"
            ],
            "index": "pypi",
            "version": "==0.5.0"
        },
        "blinker": {
            "hashes": [
                "sha256:471aee25f3992bd325afa3772f1063dbdbbca947a041b8b89466dc00d606f8b6"
            ],
            "version": "==1.4"
        },
        "click": {
            "hashes": [
                "sha256:2335065e6395b9e67ca716de5f7526736bfa6ceead690adf616d925bdc622b13",
                "sha256:5b94b49521f6456670fdb30cd82a4eca9412788a93fa6dd6df72c94d5a8ff2d7"
            ],
            "index": "pypi",
            "version": "==7.0"
        },
        "configparser": {
            "hashes": [
                "sha256:5308b47021bc2340965c371f0f058cc6971a04502638d4244225c49d80db273a"
            ],
            "index": "pypi",
            "version": "==3.5.0"
        },
        "django": {
            "hashes": [
                "sha256:056fe5b9e1f8f7fed9bb392919d64f6b33b3a71cfb0f170a90ee277a6ed32bc2",
                "sha256:4d398c7b02761e234bbde490aea13ea94cb539ceeb72805b72303f348682f2eb"
            ],
            "index": "pypi",
            "version": "==1.11.12"
        },
        "django-debug-toolbar": {
            "hashes": [
                "sha256:0b4d2b1ac49a8bc5604518e8e20f56c1c08c0c4873336107e7c773c42537876b",
                "sha256:e9f08b94f9423ac76cfc287151182bbaddbe7521ae32bef9f9863e2ac58018d3"
            ],
            "index": "pypi",
            "version": "==1.8"
        },
        "dominate": {
            "hashes": [
                "sha256:6e833aea505f0236a9fc692326bac575f8bd38ae0f3a1bdc73d20ca606ac75d5",
                "sha256:a92474b4312bd8b4c1789792f3ec8c571cd8afa8e7502a2b1c64dd48cd67e59c"
            ],
            "version": "==2.4.0"
        },
        "enum34": {
            "hashes": [
                "sha256:2d81cbbe0e73112bdfe6ef8576f2238f2ba27dd0d55752a776c41d38b7da2850",
                "sha256:644837f692e5f550741432dd3f223bbb9852018674981b1664e5dc339387588a",
                "sha256:6bd0f6ad48ec2aa117d3d141940d484deccda84d4fcd884f5c3d93c23ecd8c79",
                "sha256:8ad8c4783bf61ded74527bffb48ed9b54166685e4230386a9ed9b1279e2df5b1"
            ],
            "index": "pypi",
            "version": "==1.1.6"
        },
        "flask": {
            "hashes": [
                "sha256:13f9f196f330c7c2c5d7a5cf91af894110ca0215ac051b5844701f2bfd934d52",
                "sha256:45eb5a6fd193d6cf7e0cf5d8a5b31f83d5faae0293695626f539a823e93b13f6"
            ],
            "index": "pypi",
            "version": "==1.1.1"
        },
        "flask-bootstrap": {
            "hashes": [
                "sha256:cb08ed940183f6343a64e465e83b3a3f13c53e1baabb8d72b5da4545ef123ac8"
            ],
            "index": "pypi",
            "version": "==3.3.7.1"
        },
        "flask-login": {
            "hashes": [
                "sha256:c815c1ac7b3e35e2081685e389a665f2c74d7e077cb93cecabaea352da4752ec"
            ],
            "index": "pypi",
            "version": "==0.4.1"
        },
        "flask-mail": {
            "hashes": [
                "sha256:22e5eb9a940bf407bcf30410ecc3708f3c56cc44b29c34e1726fe85006935f41"
            ],
            "index": "pypi",
            "version": "==0.9.1"
        },
        "flask-migrate": {
            "hashes": [
                "sha256:6fb038be63d4c60727d5dfa5f581a6189af5b4e2925bc378697b4f0a40cfb4e1",
                "sha256:a96ff1875a49a40bd3e8ac04fce73fdb0870b9211e6168608cbafa4eb839d502"
            ],
            "index": "pypi",
            "version": "==2.5.2"
        },
        "flask-moment": {
            "hashes": [
                "sha256:3c509afa25fd77459c9d799f292dcea384b1cd588ed1fd68f97f6fda6131299e",
                "sha256:3e8b88f99af7cf75f2f29ef9d8c158eb92ca6f3c1ba6456ad70f715efa6eb7f7"
            ],
            "index": "pypi",
            "version": "==0.9.0"
        },
        "flask-sqlalchemy": {
            "hashes": [
                "sha256:0078d8663330dc05a74bc72b3b6ddc441b9a744e2f56fe60af1a5bfc81334327",
                "sha256:6974785d913666587949f7c2946f7001e4fa2cb2d19f4e69ead02e4b8f50b33d"
            ],
            "index": "pypi",
            "version": "==2.4.1"
        },
        "flask-wtf": {
            "hashes": [
                "sha256:5d14d55cfd35f613d99ee7cba0fc3fbbe63ba02f544d349158c14ca15561cc36",
                "sha256:d9a9e366b32dcbb98ef17228e76be15702cd2600675668bca23f63a7947fd5ac"
            ],
            "index": "pypi",
            "version": "==0.14.2"
        },
        "futures": {
            "hashes": [
                "sha256:3a44f286998ae64f0cc083682fcfec16c406134a81a589a5de445d7bb7c2751b",
                "sha256:51ecb45f0add83c806c68e4b06106f90db260585b25ef2abfcda0bd95c0132fd",
                "sha256:c4884a65654a7c45435063e14ae85280eb1f111d94e542396717ba9828c4337f"
            ],
            "index": "pypi",
            "version": "==3.1.1"
        },
        "gunicorn": {
            "hashes": [
                "sha256:53b58044764ad79d732af18c580b1a54b724adf4d290ec19c4ca78ab22a1ee0d",
                "sha256:c57f1b005a4b90933303c8deed9bedeb509331aa6a0a990023a5796e52bd8988"
            ],
            "index": "pypi",
            "version": "==19.4.5"
        },
        "importlib-metadata": {
            "hashes": [
                "sha256:aa18d7378b00b40847790e7c27e11673d7fed219354109d0e7b9e5b25dc3ad26",
                "sha256:d5f18a79777f3aa179c145737780282e27b508fc8fd688cb17c7a813e8bd39af"
            ],
            "index": "pypi",
            "version": "==0.23"
        },
        "isort": {
            "hashes": [
                "sha256:1153601da39a25b14ddc54955dbbacbb6b2d19135386699e2ad58517953b34af",
                "sha256:b9c40e9750f3d77e6e4d441d8b0266cf555e7cdabdcff33c4fd06366ca761ef8",
                "sha256:ec9ef8f4a9bc6f71eec99e1806bfa2de401650d996c59330782b89a5555c1497"
            ],
            "index": "pypi",
            "version": "==4.3.4"
        },
        "itsdangerous": {
            "hashes": [
                "sha256:321b033d07f2a4136d3ec762eac9f16a10ccd60f53c0c91af90217ace7ba1f19",
                "sha256:b12271b2047cb23eeb98c8b5622e2e5c5e9abd9784a153e9d8ef9cb4dd09d749"
            ],
            "index": "pypi",
            "version": "==1.1.0"
        },
        "jinja2": {
            "hashes": [
                "sha256:74320bb91f31270f9551d46522e33af46a80c3d619f4a4bf42b3164d30b5911f",
                "sha256:9fe95f19286cfefaa917656583d020be14e7859c6b0252588391e47db34527de"
            ],
            "index": "pypi",
            "version": "==2.10.3"
        },
        "lazy-object-proxy": {
            "hashes": [
                "sha256:0ce34342b419bd8f018e6666bfef729aec3edf62345a53b537a4dcc115746a33",
                "sha256:1b668120716eb7ee21d8a38815e5eb3bb8211117d9a90b0f8e21722c0758cc39",
                "sha256:209615b0fe4624d79e50220ce3310ca1a9445fd8e6d3572a896e7f9146bbf019",
                "sha256:27bf62cb2b1a2068d443ff7097ee33393f8483b570b475db8ebf7e1cba64f088",
                "sha256:27ea6fd1c02dcc78172a82fc37fcc0992a94e4cecf53cb6d73f11749825bd98b",
                "sha256:2c1b21b44ac9beb0fc848d3993924147ba45c4ebc24be19825e57aabbe74a99e",
                "sha256:2df72ab12046a3496a92476020a1a0abf78b2a7db9ff4dc2036b8dd980203ae6",
                "sha256:320ffd3de9699d3892048baee45ebfbbf9388a7d65d832d7e580243ade426d2b",
                "sha256:50e3b9a464d5d08cc5227413db0d1c4707b6172e4d4d915c1c70e4de0bbff1f5",
                "sha256:5276db7ff62bb7b52f77f1f51ed58850e315154249aceb42e7f4c611f0f847ff",
                "sha256:61a6cf00dcb1a7f0c773ed4acc509cb636af2d6337a08f362413c76b2b47a8dd",
                "sha256:6ae6c4cb59f199d8827c5a07546b2ab7e85d262acaccaacd49b62f53f7c456f7",
                "sha256:7661d401d60d8bf15bb5da39e4dd72f5d764c5aff5a86ef52a042506e3e970ff",
                "sha256:7bd527f36a605c914efca5d3d014170b2cb184723e423d26b1fb2fd9108e264d",
                "sha256:7cb54db3535c8686ea12e9535eb087d32421184eacc6939ef15ef50f83a5e7e2",
                "sha256:7f3a2d740291f7f2c111d86a1c4851b70fb000a6c8883a59660d95ad57b9df35",
                "sha256:81304b7d8e9c824d058087dcb89144842c8e0dea6d281c031f59f0acf66963d4",
                "sha256:933947e8b4fbe617a51528b09851685138b49d511af0b6c0da2539115d6d4514",
                "sha256:94223d7f060301b3a8c09c9b3bc3294b56b2188e7d8179c762a1cda72c979252",
                "sha256:ab3ca49afcb47058393b0122428358d2fbe0408cf99f1b58b295cfeb4ed39109",
                "sha256:bd6292f565ca46dee4e737ebcc20742e3b5be2b01556dafe169f6c65d088875f",
                "sha256:cb924aa3e4a3fb644d0c463cad5bc2572649a6a3f68a7f8e4fbe44aaa6d77e4c",
                "sha256:d0fc7a286feac9077ec52a927fc9fe8fe2fabab95426722be4c953c9a8bede92",
                "sha256:ddc34786490a6e4ec0a855d401034cbd1242ef186c20d79d2166d6a4bd449577",
                "sha256:e34b155e36fa9da7e1b7c738ed7767fc9491a62ec6af70fe9da4a057759edc2d",
                "sha256:e5b9e8f6bda48460b7b143c3821b21b452cb3a835e6bbd5dd33aa0c8d3f5137d",
                "sha256:e81ebf6c5ee9684be8f2c87563880f93eedd56dd2b6146d8a725b50b7e5adb0f",
                "sha256:eb91be369f945f10d3a49f5f9be8b3d0b93a4c2be8f8a5b83b0571b8123e0a7a",
                "sha256:f460d1ceb0e4a5dcb2a652db0904224f367c9b3c1470d5a7683c0480e582468b"
            ],
            "index": "pypi",
            "version": "==1.3.1"
        },
        "macholib": {
            "hashes": [
                "sha256:7a1b50204d27ecec94660e3dbefd8e32d17388002cf7dc1e42f0b60ceb3c8d80"
            ],
            "index": "pypi",
            "version": "==1.5.1"
        },
        "mako": {
            "hashes": [
                "sha256:a36919599a9b7dc5d86a7a8988f23a9a3a3d083070023bab23d64f7f1d1e0a4b"
            ],
            "version": "==1.1.0"
        },
        "markupsafe": {
            "hashes": [
                "sha256:00bc623926325b26bb9605ae9eae8a215691f33cae5df11ca5424f06f2d1f473",
                "sha256:09027a7803a62ca78792ad89403b1b7a73a01c8cb65909cd876f7fcebd79b161",
                "sha256:09c4b7f37d6c648cb13f9230d847adf22f8171b1ccc4d5682398e77f40309235",
                "sha256:1027c282dad077d0bae18be6794e6b6b8c91d58ed8a8d89a89d59693b9131db5",
                "sha256:24982cc2533820871eba85ba648cd53d8623687ff11cbb805be4ff7b4c971aff",
                "sha256:29872e92839765e546828bb7754a68c418d927cd064fd4708fab9fe9c8bb116b",
                "sha256:43a55c2930bbc139570ac2452adf3d70cdbb3cfe5912c71cdce1c2c6bbd9c5d1",
                "sha256:46c99d2de99945ec5cb54f23c8cd5689f6d7177305ebff350a58ce5f8de1669e",
                "sha256:500d4957e52ddc3351cabf489e79c91c17f6e0899158447047588650b5e69183",
                "sha256:535f6fc4d397c1563d08b88e485c3496cf5784e927af890fb3c3aac7f933ec66",
                "sha256:62fe6c95e3ec8a7fad637b7f3d372c15ec1caa01ab47926cfdf7a75b40e0eac1",
                "sha256:6dd73240d2af64df90aa7c4e7481e23825ea70af4b4922f8ede5b9e35f78a3b1",
                "sha256:717ba8fe3ae9cc0006d7c451f0bb265ee07739daf76355d06366154ee68d221e",
                "sha256:79855e1c5b8da654cf486b830bd42c06e8780cea587384cf6545b7d9ac013a0b",
                "sha256:7c1699dfe0cf8ff607dbdcc1e9b9af1755371f92a68f706051cc8c37d447c905",
                "sha256:88e5fcfb52ee7b911e8bb6d6aa2fd21fbecc674eadd44118a9cc3863f938e735",
                "sha256:8defac2f2ccd6805ebf65f5eeb132adcf2ab57aa11fdf4c0dd5169a004710e7d",
                "sha256:98c7086708b163d425c67c7a91bad6e466bb99d797aa64f965e9d25c12111a5e",
                "sha256:9add70b36c5666a2ed02b43b335fe19002ee5235efd4b8a89bfcf9005bebac0d",
                "sha256:9bf40443012702a1d2070043cb6291650a0841ece432556f784f004937f0f32c",
                "sha256:ade5e387d2ad0d7ebf59146cc00c8044acbd863725f887353a10df825fc8ae21",
                "sha256:b00c1de48212e4cc9603895652c5c410df699856a2853135b3967591e4beebc2",
                "sha256:b1282f8c00509d99fef04d8ba936b156d419be841854fe901d8ae224c59f0be5",
                "sha256:b2051432115498d3562c084a49bba65d97cf251f5a331c64a12ee7e04dacc51b",
                "sha256:ba59edeaa2fc6114428f1637ffff42da1e311e29382d81b339c1817d37ec93c6",
                "sha256:c8716a48d94b06bb3b2524c2b77e055fb313aeb4ea620c8dd03a105574ba704f",
                "sha256:cd5df75523866410809ca100dc9681e301e3c27567cf498077e8551b6d20e42f",
                "sha256:e249096428b3ae81b08327a63a485ad0878de3fb939049038579ac0ef61e17e7"
            ],
            "index": "pypi",
            "version": "==1.1.1"
        },
        "mccabe": {
            "hashes": [
                "sha256:ab8a6258860da4b6677da4bd2fe5dc2c659cff31b3ee4f7f5d64e79735b80d42",
                "sha256:dd8d182285a0fe56bace7f45b5e7d1a6ebcbf524e8f3bd87eb0f125271b8831f"
            ],
            "index": "pypi",
            "version": "==0.6.1"
        },
        "modulegraph": {
            "hashes": [
                "sha256:27301f497b04d85c057ff19302be6bfaa53700745aa43ec990214e3c043e1f07"
            ],
            "index": "pypi",
            "version": "==0.10.4"
        },
        "more-itertools": {
            "hashes": [
                "sha256:409cd48d4db7052af495b09dec721011634af3753ae1ef92d2b32f73a745f832",
                "sha256:92b8c4b06dac4f0611c0729b2f2ede52b2e1bac1ab48f089c7ddc12e26bb60c4"
            ],
            "index": "pypi",
            "version": "==7.2.0"
        },
        "nltk": {
            "hashes": [
                "sha256:fe0eda251be65843be86d7de9abfbf7161732256f742e623b21243ec47bdb718"
            ],
            "index": "pypi",
            "version": "==3.3.0"
        },
        "pluggy": {
            "hashes": [
                "sha256:0db4b7601aae1d35b4a033282da476845aa19185c1e6964b25cf324b5e4ec3e6",
                "sha256:fa5fa1622fa6dd5c030e9cad086fa19ef6a0cf6d7a2d12318e10cb49d6d68f34"
            ],
            "index": "pypi",
            "version": "==0.13.0"
        },
        "psycopg2": {
            "hashes": [
                "sha256:04a5b2805c620ddecdff33e015631cc8d7ea8dd01e1fcc930bfe002fdc26b9e0",
                "sha256:0bd0b1cf81eb6d74a77199570d5ce097fb3c6b8e57acc1edd328cef5c552f98a",
                "sha256:16482d050db68503abbb693795d75e9fca287a00f662376759825404533ca87c",
                "sha256:279dbf220c94c9f73aefac719ea3b9550ca791389bc9184c15e835516bc8428d",
                "sha256:35d1fec112337c2607c8ca17dee3c2f8455e07dd69d140ff8e86ef1240dace3d",
                "sha256:39369e40bc3e062da5da93ce5f1e7f9bed95e9a60cb6f003d316f2a834722e2d",
                "sha256:3ab693b907b2c7a34c1dca198cfc454516cfd75440fd913bb372da6f70d6db55",
                "sha256:3c99c88216e0fc62113a1177aae9db18a533274370e99a4537b433b87b319360",
                "sha256:3fbba0dd7f3ac458f355dcfc4d7d9cd082c19748e453bcd81bf9d8bc14260c01",
                "sha256:471e3140e1cb241ecb53602cdc98fe305b82c854cfa53c3e343d642683dc96c7",
                "sha256:4cca242df228364b4de6241c54553301856bc253d7f21e15009b11c812eb7b5c",
                "sha256:4d7c872d9c85745964cf8efabba3fb1a6010b345c18d0e2b620509f0444aa729",
                "sha256:4db0de7d6236acbf7d020926489b6c4b98e845ba98df11057f22d54866e26b20",
                "sha256:4fbe2c29f6d4c8d9eac5fc3c42c42036e7cc58e225036130b7713afa72489aac",
                "sha256:604c49bf196c654c417ade1dc765bd23fe9bc3392d9a8c7184a7077142d621b3",
                "sha256:6194e81d8839b636118f5275c53be3c70eb3c3abcf836de675c34b20c06025ea",
                "sha256:891a70235c202158780fc0ab98d7ca2a7ed1625c26725b15119d47b2d852a5c6",
                "sha256:8d2003d23d8fc59f0f0a2e73c13baa41581006b8227a9d82bbdc1aa233285ba4",
                "sha256:99a298b9030f8fd36f885c5d0661e4d5a059136a541bb6c4d7d1100e38da3cd1",
                "sha256:9a0a74a6f20d82c389095c88d4d281e66eb3ffbc09adf543dcec4bec22436569",
                "sha256:9b7b16e26448b43cf167f785d8b5345007731ebf153a510e12dae826800caa65",
                "sha256:a4d7134058e8869d785c0be386cd702fe2a4be14b678d7571a51045e1bbad862",
                "sha256:b7646f7bdb42ba3cf7ef9f500f6514b5e413d25c5b3093d70e6ba52df417a83c",
                "sha256:c939b238cbc18e786909d20277c9f051241696ebb03ca9e3490094f526ce69a7",
                "sha256:df70e0a387b0145a7a80de67d43d84e1c5a24a33bbfaedb96271876d573e5fb6",
                "sha256:e26aca5eb272869fdf8e55111f36026517c1c0799eb7ef1ddf67d4412affe1ef",
                "sha256:e80a1ae04218e854a5d71085f9498c8c979033ca855cedeed3afc5d976c348ce",
                "sha256:ebee4f59803eda1ed4035649469a713818dbf5b6de2e12396edd9fa228727c20",
                "sha256:f07791ee5793621bfaaa844f731529cd72321280f94e8dc3bd4ef524d20f58f2",
                "sha256:f74e50341f45fb9bcd3598c11b5774c3e4349ee38cf15c342cc7075c73ef1f95",
                "sha256:face605eea5826fa36600c04447b61674992bbd5eb177f66f86f61a04436dbd9"
            ],
            "index": "pypi",
            "version": "==2.7.3.1"
        },
        "py": {
            "hashes": [
                "sha256:64f65755aee5b381cea27766a3a147c3f15b9b6b9ac88676de66ba2ae36793fa",
                "sha256:dc639b046a6e2cff5bbe40194ad65936d6ba360b52b3c3fe1d08a82dd50b5e53"
            ],
            "index": "pypi",
            "version": "==1.8.0"
        },
        "py2app": {
            "hashes": [
                "sha256:01f188158852cc9284a9a22a18c49c3f181a5c0ececbc7fb38bdadfddbed5339"
            ],
            "index": "pypi",
            "version": "==0.7.3"
        },
        "pyjwt": {
            "hashes": [
                "sha256:5c6eca3c2940464d106b99ba83b00c6add741c9becaec087fb7ccdefea71350e",
                "sha256:8d59a976fb773f3e6a39c85636357c4f0e242707394cadadd9814f5cbaa20e96"
            ],
            "index": "pypi",
            "version": "==1.7.1"
        },
        "pylint": {
            "hashes": [
                "sha256:0b7e6b5d9f1d4e0b554b5d948f14ed7969e8cdf9a0120853e6e5af60813b18ab",
                "sha256:34738a82ab33cbd3bb6cd4cef823dbcabdd2b6b48a4e3a3054a2bbbf0c712be9"
            ],
            "index": "pypi",
            "version": "==1.8.4"
        },
        "pyobjc-core": {
            "hashes": [
                "sha256:046449f510c1f33d41bdd0d4c8eb2f084593a2ee4573a25d604bdccabb7a909e",
                "sha256:5ae84984fa4967a6b6962ae25997de954d110efeea69ff1f09e128675f86dc80",
                "sha256:66651923eb225d3ad2a07c0b3530842c06b8f35e5adf30c74ea378697691bb09",
                "sha256:6be4631868b36dde9a771707f325b7ea7616f5ca1ad38eafe8435f4757193419",
                "sha256:6f3dd8e20119d5c75ea5ac548734fef2702c457b66aa66059b6e037129467f95",
                "sha256:9c79ab63ec48f195a5c07bbb7bc73378b6a45b1d7893f911ff51c918dae13538",
                "sha256:a6f65fb313e5e1efab5c4b4591142a73af4ca52a2c39d98f540f42fc774e262e",
                "sha256:b551af26c21883a6e27c0ce58e5e9f3ae9027388686ae978d134afa102164045",
                "sha256:cd13a2e9be890064a6dd11db7790bbf38502350c532a9a9d05511abb8683b8ea"
            ],
            "index": "pypi",
            "version": "==5.2"
        },
        "pyobjc-framework-cocoa": {
            "hashes": [
                "sha256:3a2a7771e584858ee43faef08b9ca7c632c8c27a3d9e1bfd5dd1909d7c087ed8",
                "sha256:406e0516e40aca309db1c1581a94c08394823b20b1a43e0cfe5b2390392b5d5a",
                "sha256:42fe17fce0ebdaeb1a8451b5ad955d7717c431f8af54573ef628486ab5c1441b",
                "sha256:561785bbc4dd2f05cc836464733382ef6a69cb13338a7bc5f8297f5cd021d0bd",
                "sha256:56a818b57f664e2b4e595e89070d79f824a04dd014cfa67e4fc74f2b3f1b6214",
                "sha256:793a807c583eecbeeba40114fc0156f28d3a5a2fda5094235b06bf8dcbb5982d",
                "sha256:cc51243ca34deccb99d8db738dccbad38934147fee2d64ef3cf6016ba3496675",
                "sha256:d72d48cf2e24c2f540a1b1348a880fde87b1f8cb7e1be5e95550a306152d48d0",
                "sha256:e9421ccb48d0c3c9c13f3f8f0f818fa77ced36e67cae998302f87269a1ee1402"
            ],
            "index": "pypi",
            "version": "==5.2"
        },
        "pyobjc-framework-coredata": {
            "hashes": [
                "sha256:4a0830300ebee7b4930449586949292d1d43cc3a073739dc7d904bdd463a31cf",
                "sha256:588074d15ca707bb2eea775ee494ae156aa811294b4348d80e6c02c05b6bbe86",
                "sha256:5b9ce840ffbe8dffbc9b046bbfaea6c78b6ba348a8b4a8a94cd3019dcdf99f51",
                "sha256:6f99ffc415b439b3b204d5de09283ba660f6bbd811100a2d154922dea40316ac",
                "sha256:726189d2c61e88724b879c05deb5617bd2fa50c7f6f53423babf5e0a1c50bce1",
                "sha256:79b3d90e39dd8f4a1ba5bf66a40d31609d60d5b8b4fd0f49d022b516e8d47b51",
                "sha256:9e669e84e1308b3b260265461d6844a3260c1cd8c23bf973d0aa016d98efe34b",
                "sha256:b1dc0a12d6b89ee772e10ffa98e1a499a3c9866a1176f95a04b1e17b6dd14acd",
                "sha256:f5df0612ea8952fce5ab2ca2351641b61d179c51cd65ba567ef7ddc386f77f37"
            ],
            "index": "pypi",
            "version": "==5.2"
        },
        "pyobjc-framework-quartz": {
            "hashes": [
                "sha256:1b30a77beb90cbc7e1dfda4706939156d1804fde87912ffb5745eb26c555e5b5",
                "sha256:275c914f588b018f5494706d2bdc4dd387ab774be70885358663d48754053d50",
                "sha256:2dbc01486951007692cf62dccdbbc883ff7dc0c0b1fda1bce8511c95bd1389b5",
                "sha256:38991aaaefa8296102c01e5cafcedcdac7305844573a238bb8070c56ac0576e8",
                "sha256:4e76f444445e2561c56c43d50a0001f9a62c5d2e9f06bc2c2847768929ded89c",
                "sha256:6105ffaaf8aab11e3ec5ccb91b7fa3314bec04f0f05b2433b96023095ebb3dbd",
                "sha256:668e1e103c3736a4aa8b891726328c5e3bd92d1efed4be9e69ed06f513ab1334",
                "sha256:89d41e86b075788deb65695e32001de488412ae9b60191294a3fd31e8b3d2613",
                "sha256:d03c1778fdd92c6463559b2e749a0974e065f31aac7a7cd760733bd9f4a81bb8"
            ],
            "index": "pypi",
            "version": "==5.2"
        },
        "pyparsing": {
            "hashes": [
                "sha256:6f98a7b9397e206d78cc01df10131398f1c8b8510a2f4d97d9abd82e1aacdd80",
                "sha256:d9338df12903bbf5d65a0e4e87c2161968b10d2e489652bb47001d82a9b028b4"
            ],
            "index": "pypi",
            "version": "==2.4.2"
        },
        "python-dateutil": {
            "hashes": [
                "sha256:7e6584c74aeed623791615e26efd690f29817a27c73085b78e4bad02493df2fb",
                "sha256:c89805f6f4d64db21ed966fda138f8a5ed7a4fdbc1a8ee329ce1b74e3c74da9e"
            ],
            "index": "pypi",
            "version": "==2.8.0"
        },
        "python-editor": {
            "hashes": [
                "sha256:1bf6e860a8ad52a14c3ee1252d5dc25b2030618ed80c022598f00176adc8367d",
                "sha256:51fda6bcc5ddbbb7063b2af7509e43bd84bfc32a4ff71349ec7847713882327b",
                "sha256:5f98b069316ea1c2ed3f67e7f5df6c0d8f10b689964a4a811ff64f0106819ec8"
            ],
            "version": "==1.0.4"
        },
        "pytz": {
            "hashes": [
                "sha256:026454b6038a793ffa6aa39e3de6508f68c4226660be0bbff332bc82dfd7c5ea",
                "sha256:c90648e2a5df0adeff0fa4e67fda7642e486f8285dbde8bfa73b18061e395652",
                "sha256:ebbad507df6ac816b5a5c03f846a76457b2ff177106e4ceb793f16b002afc5dd"
            ],
            "index": "pypi",
            "version": "==2013.7"
        },
        "singledispatch": {
            "hashes": [
                "sha256:5b06af87df13818d14f08a028e42f566640aef80805c3b50c5056b086e3c2b9c",
                "sha256:833b46966687b3de7f438c761ac475213e53b306740f1abfaa86e1d1aae56aa8"
            ],
            "index": "pypi",
            "version": "==3.4.0.3"
        },
        "six": {
            "hashes": [
                "sha256:3350809f0555b11f552448330d0b52d5f24c91a322ea4a15ef22629740f3761c",
                "sha256:d16a0141ec1a18405cd4ce8b4613101da75da0e9a7aec5bdd4fa804d0e0eba73"
            ],
            "index": "pypi",
            "version": "==1.12.0"
        },
        "sqlalchemy": {
            "hashes": [
                "sha256:0f0768b5db594517e1f5e1572c73d14cf295140756431270d89496dc13d5e46c"
            ],
            "version": "==1.3.10"
        },
        "sqlparse": {
            "hashes": [
                "sha256:ce028444cfab83be538752a2ffdb56bc417b7784ff35bb9a3062413717807dec",
                "sha256:d9cf190f51cbb26da0412247dfe4fb5f4098edb73db84e02f9fc21fdca31fed4"
            ],
            "index": "pypi",
            "version": "==0.2.4"
        },
        "textblob": {
            "hashes": [
                "sha256:7c9ff21a47a382fa4f235e84ce9be10cca4b9d46b012b79af6e47ea81b478a18",
                "sha256:8301812cbef9b2f288e14df904854f7457fccf2c52020b66d3f9bc1448cf042a"
            ],
            "index": "pypi",
            "version": "==0.15.1"
        },
        "virtualenv": {
            "hashes": [
                "sha256:1d7e241b431e7afce47e77f8843a276f652699d1fa4f93b9d8ce0076fd7b0b54",
                "sha256:e8e05d4714a1c51a2f5921e62f547fcb0f713ebbe959e0a7f585cc8bef71d11f"
            ],
            "index": "pypi",
            "version": "==15.2.0"
        },
        "visitor": {
            "hashes": [
                "sha256:2c737903b2b6864ebc6167eef7cf3b997126f1aa94bdf590f90f1436d23e480a"
            ],
            "version": "==0.1.3"
        },
        "wcwidth": {
            "hashes": [
                "sha256:3df37372226d6e63e1b1e1eda15c594bca98a22d33a23832a90998faa96bc65e",
                "sha256:f4ebe71925af7b40a864553f761ed559b43544f8f71746c2d756c7fe788ade7c"
            ],
            "index": "pypi",
            "version": "==0.1.7"
        },
        "werkzeug": {
            "hashes": [
                "sha256:7280924747b5733b246fe23972186c6b348f9ae29724135a6dfc1e53cea433e7",
                "sha256:e5f4a1f98b52b18a93da705a7458e55afb26f32bff83ff5d19189f92462d65c4"
            ],
            "index": "pypi",
            "version": "==0.16.0"
        },
        "whitenoise": {
            "hashes": [
                "sha256:15f43b2e701821b95c9016cf469d29e2a546cb1c7dead584ba82c36f843995cf",
                "sha256:9d81515f2b5b27051910996e1e860b1332e354d9e7bcf30c98f21dcb6713e0dd"
            ],
            "index": "pypi",
            "version": "==3.3.1"
        },
        "wrapt": {
            "hashes": [
                "sha256:565a021fd19419476b9362b05eeaa094178de64f8361e44468f9e9d7843901e1"
            ],
            "index": "pypi",
            "version": "==1.11.2"
        },
        "wtforms": {
            "hashes": [
                "sha256:0cdbac3e7f6878086c334aa25dc5a33869a3954e9d1e015130d65a69309b3b61",
                "sha256:e3ee092c827582c50877cdbd49e9ce6d2c5c1f6561f849b3b068c1b8029626f1"
            ],
            "version": "==2.2.1"
        },
        "zipp": {
            "hashes": [
                "sha256:3718b1cbcd963c7d4c5511a8240812904164b7f381b647143a89d3b98f9bcd8e",
                "sha256:f06903e9f1f43b12d371004b4ac7b06ab39a44adc747266928ae6debfa7b3335"
            ],
            "index": "pypi",
            "version": "==0.6.0"
        },
        "zope.interface": {
            "hashes": [
                "sha256:91cba7b7cd7cb82f6f4e023fe77f94dc3df4ae5287fd55def2148dc232d0c7da"
            ],
            "index": "pypi",
            "version": "==4.1.1"
        }
    },
    "develop": {}
}
